
Microsoft Visual Studio Solution File, Format Version 11.00
# Visual Studio 2010
# SharpDevelop 5.1
Project("{FAE04EC0-301F-11D3-BF4B-00C04F79EFBC}") = "GM21057Guia12Ejercicio5", "GM21057Guia12Ejercicio5\GM21057Guia12Ejercicio5.csproj", "{44B7DC1A-086D-4DC1-87D7-0845501EE8A5}"
EndProject
Global
	GlobalSection(SolutionConfigurationPlatforms) = preSolution
		Debug|Any CPU = Debug|Any CPU
		Release|Any CPU = Release|Any CPU
	EndGlobalSection
	GlobalSection(ProjectConfigurationPlatforms) = postSolution
		{44B7DC1A-086D-4DC1-87D7-0845501EE8A5}.Debug|Any CPU.ActiveCfg = Debug|Any CPU
		{44B7DC1A-086D-4DC1-87D7-0845501EE8A5}.Debug|Any CPU.Build.0 = Debug|Any CPU
		{44B7DC1A-086D-4DC1-87D7-0845501EE8A5}.Release|Any CPU.ActiveCfg = Release|Any CPU
		{44B7DC1A-086D-4DC1-87D7-0845501EE8A5}.Release|Any CPU.Build.0 = Release|Any CPU
	EndGlobalSection
EndGlobal
